// !$*UTF8*$!
{
	archiveVersion = 1;
	classes = {
	};
	objectVersion = 48;
	objects = {

/* Begin PBXBuildFile section */
		7E4F25432031E44200B7AF09 /* BrowserViewController.swift in Sources */ = {isa = PBXBuildFile; fileRef = 7E4F25422031E44200B7AF09 /* BrowserViewController.swift */; };
		7E4F25482032168800B7AF09 /* Login.storyboard in Resources */ = {isa = PBXBuildFile; fileRef = 7E4F25472032168800B7AF09 /* Login.storyboard */; };
		7E4F254D20321D1700B7AF09 /* Dot.swift in Sources */ = {isa = PBXBuildFile; fileRef = 7E4F254C20321D1700B7AF09 /* Dot.swift */; };
		7E4F254F2032266600B7AF09 /* LandingViewController.swift in Sources */ = {isa = PBXBuildFile; fileRef = 7E4F254E2032266600B7AF09 /* LandingViewController.swift */; };
		7E4F255120322E5100B7AF09 /* DotRow.swift in Sources */ = {isa = PBXBuildFile; fileRef = 7E4F255020322E5100B7AF09 /* DotRow.swift */; };
		7E57988F202A31CA007F8AA8 /* AppDelegate.swift in Sources */ = {isa = PBXBuildFile; fileRef = 7E57988E202A31CA007F8AA8 /* AppDelegate.swift */; };
		7E579894202A31CA007F8AA8 /* Main.storyboard in Resources */ = {isa = PBXBuildFile; fileRef = 7E579892202A31CA007F8AA8 /* Main.storyboard */; };
		7E579896202A31CA007F8AA8 /* Assets.xcassets in Resources */ = {isa = PBXBuildFile; fileRef = 7E579895202A31CA007F8AA8 /* Assets.xcassets */; };
		7E579899202A31CA007F8AA8 /* LaunchScreen.storyboard in Resources */ = {isa = PBXBuildFile; fileRef = 7E579897202A31CA007F8AA8 /* LaunchScreen.storyboard */; };
		7E5798A5202A49FF007F8AA8 /* KeychainPasswordItem.swift in Sources */ = {isa = PBXBuildFile; fileRef = 7E5798A4202A49FF007F8AA8 /* KeychainPasswordItem.swift */; };
		7E5798A7202A4A3D007F8AA8 /* BiometricAuthentication.swift in Sources */ = {isa = PBXBuildFile; fileRef = 7E5798A6202A4A3D007F8AA8 /* BiometricAuthentication.swift */; };
		7E5798A9202A52F3007F8AA8 /* LoginViewController.swift in Sources */ = {isa = PBXBuildFile; fileRef = 7E5798A8202A52F3007F8AA8 /* LoginViewController.swift */; };
		7E71915D20325CA6003254C6 /* CALayer.swift in Sources */ = {isa = PBXBuildFile; fileRef = 7E71915C20325CA6003254C6 /* CALayer.swift */; };
		7E71915F20325CD0003254C6 /* NumberKey.swift in Sources */ = {isa = PBXBuildFile; fileRef = 7E71915E20325CD0003254C6 /* NumberKey.swift */; };
		7E71916120327588003254C6 /* NumberPadView.swift in Sources */ = {isa = PBXBuildFile; fileRef = 7E71916020327588003254C6 /* NumberPadView.swift */; };
/* End PBXBuildFile section */

/* Begin PBXFileReference section */
		7E4F25422031E44200B7AF09 /* BrowserViewController.swift */ = {isa = PBXFileReference; lastKnownFileType = sourcecode.swift; path = BrowserViewController.swift; sourceTree = "<group>"; };
		7E4F25472032168800B7AF09 /* Login.storyboard */ = {isa = PBXFileReference; lastKnownFileType = file.storyboard; path = Login.storyboard; sourceTree = "<group>"; };
		7E4F254C20321D1700B7AF09 /* Dot.swift */ = {isa = PBXFileReference; lastKnownFileType = sourcecode.swift; path = Dot.swift; sourceTree = "<group>"; };
		7E4F254E2032266600B7AF09 /* LandingViewController.swift */ = {isa = PBXFileReference; lastKnownFileType = sourcecode.swift; path = LandingViewController.swift; sourceTree = "<group>"; };
		7E4F255020322E5100B7AF09 /* DotRow.swift */ = {isa = PBXFileReference; lastKnownFileType = sourcecode.swift; path = DotRow.swift; sourceTree = "<group>"; };
		7E57988B202A31CA007F8AA8 /* SecureBrowser.app */ = {isa = PBXFileReference; explicitFileType = wrapper.application; includeInIndex = 0; path = SecureBrowser.app; sourceTree = BUILT_PRODUCTS_DIR; };
		7E57988E202A31CA007F8AA8 /* AppDelegate.swift */ = {isa = PBXFileReference; lastKnownFileType = sourcecode.swift; path = AppDelegate.swift; sourceTree = "<group>"; };
		7E579893202A31CA007F8AA8 /* Base */ = {isa = PBXFileReference; lastKnownFileType = file.storyboard; name = Base; path = Base.lproj/Main.storyboard; sourceTree = "<group>"; };
		7E579895202A31CA007F8AA8 /* Assets.xcassets */ = {isa = PBXFileReference; lastKnownFileType = folder.assetcatalog; path = Assets.xcassets; sourceTree = "<group>"; };
		7E579898202A31CA007F8AA8 /* Base */ = {isa = PBXFileReference; lastKnownFileType = file.storyboard; name = Base; path = Base.lproj/LaunchScreen.storyboard; sourceTree = "<group>"; };
		7E57989A202A31CA007F8AA8 /* Info.plist */ = {isa = PBXFileReference; lastKnownFileType = text.plist.xml; path = Info.plist; sourceTree = "<group>"; };
		7E5798A4202A49FF007F8AA8 /* KeychainPasswordItem.swift */ = {isa = PBXFileReference; fileEncoding = 4; lastKnownFileType = sourcecode.swift; path = KeychainPasswordItem.swift; sourceTree = "<group>"; };
		7E5798A6202A4A3D007F8AA8 /* BiometricAuthentication.swift */ = {isa = PBXFileReference; lastKnownFileType = sourcecode.swift; path = BiometricAuthentication.swift; sourceTree = "<group>"; };
		7E5798A8202A52F3007F8AA8 /* LoginViewController.swift */ = {isa = PBXFileReference; lastKnownFileType = sourcecode.swift; path = LoginViewController.swift; sourceTree = "<group>"; };
		7E71915C20325CA6003254C6 /* CALayer.swift */ = {isa = PBXFileReference; lastKnownFileType = sourcecode.swift; path = CALayer.swift; sourceTree = "<group>"; };
		7E71915E20325CD0003254C6 /* NumberKey.swift */ = {isa = PBXFileReference; lastKnownFileType = sourcecode.swift; path = NumberKey.swift; sourceTree = "<group>"; };
		7E71916020327588003254C6 /* NumberPadView.swift */ = {isa = PBXFileReference; lastKnownFileType = sourcecode.swift; path = NumberPadView.swift; sourceTree = "<group>"; };
/* End PBXFileReference section */

/* Begin PBXFrameworksBuildPhase section */
		7E579888202A31CA007F8AA8 /* Frameworks */ = {
			isa = PBXFrameworksBuildPhase;
			buildActionMask = 2147483647;
			files = (
			);
			runOnlyForDeploymentPostprocessing = 0;
		};
/* End PBXFrameworksBuildPhase section */

/* Begin PBXGroup section */
		7E4F25412031E42900B7AF09 /* View Controllers */ = {
			isa = PBXGroup;
			children = (
				7E5798A8202A52F3007F8AA8 /* LoginViewController.swift */,
				7E4F25422031E44200B7AF09 /* BrowserViewController.swift */,
				7E4F254E2032266600B7AF09 /* LandingViewController.swift */,
			);
			path = "View Controllers";
			sourceTree = "<group>";
		};
		7E4F25442031E63C00B7AF09 /* Authentication */ = {
			isa = PBXGroup;
			children = (
				7E5798A4202A49FF007F8AA8 /* KeychainPasswordItem.swift */,
				7E5798A6202A4A3D007F8AA8 /* BiometricAuthentication.swift */,
			);
			path = Authentication;
			sourceTree = "<group>";
		};
		7E4F25452031E64800B7AF09 /* Other */ = {
			isa = PBXGroup;
			children = (
				7E57988E202A31CA007F8AA8 /* AppDelegate.swift */,
				7E579895202A31CA007F8AA8 /* Assets.xcassets */,
				7E579897202A31CA007F8AA8 /* LaunchScreen.storyboard */,
			);
			path = Other;
			sourceTree = "<group>";
		};
		7E4F25462032167700B7AF09 /* Storyboards */ = {
			isa = PBXGroup;
			children = (
				7E4F25472032168800B7AF09 /* Login.storyboard */,
				7E579892202A31CA007F8AA8 /* Main.storyboard */,
			);
			path = Storyboards;
			sourceTree = "<group>";
		};
		7E4F254920321B5F00B7AF09 /* Views */ = {
			isa = PBXGroup;
			children = (
				7E4F254C20321D1700B7AF09 /* Dot.swift */,
				7E4F255020322E5100B7AF09 /* DotRow.swift */,
				7E71915E20325CD0003254C6 /* NumberKey.swift */,
				7E71916020327588003254C6 /* NumberPadView.swift */,
			);
			path = Views;
			sourceTree = "<group>";
		};
		7E579882202A31CA007F8AA8 = {
			isa = PBXGroup;
			children = (
				7E57988D202A31CA007F8AA8 /* SecureBrowser */,
				7E57988C202A31CA007F8AA8 /* Products */,
			);
			sourceTree = "<group>";
		};
		7E57988C202A31CA007F8AA8 /* Products */ = {
			isa = PBXGroup;
			children = (
				7E57988B202A31CA007F8AA8 /* SecureBrowser.app */,
			);
			name = Products;
			sourceTree = "<group>";
		};
		7E57988D202A31CA007F8AA8 /* SecureBrowser */ = {
			isa = PBXGroup;
			children = (
				7E71915B20325C88003254C6 /* Extensions */,
				7E4F254920321B5F00B7AF09 /* Views */,
				7E4F25462032167700B7AF09 /* Storyboards */,
				7E57989A202A31CA007F8AA8 /* Info.plist */,
				7E4F25452031E64800B7AF09 /* Other */,
				7E4F25442031E63C00B7AF09 /* Authentication */,
				7E4F25412031E42900B7AF09 /* View Controllers */,
			);
			path = SecureBrowser;
			sourceTree = "<group>";
		};
		7E71915B20325C88003254C6 /* Extensions */ = {
			isa = PBXGroup;
			children = (
				7E71915C20325CA6003254C6 /* CALayer.swift */,
			);
			path = Extensions;
			sourceTree = "<group>";
		};
/* End PBXGroup section */

/* Begin PBXNativeTarget section */
		7E57988A202A31CA007F8AA8 /* SecureBrowser */ = {
			isa = PBXNativeTarget;
			buildConfigurationList = 7E57989D202A31CA007F8AA8 /* Build configuration list for PBXNativeTarget "SecureBrowser" */;
			buildPhases = (
				7E579887202A31CA007F8AA8 /* Sources */,
				7E579888202A31CA007F8AA8 /* Frameworks */,
				7E579889202A31CA007F8AA8 /* Resources */,
			);
			buildRules = (
			);
			dependencies = (
			);
			name = SecureBrowser;
			productName = SecureBrowser;
			productReference = 7E57988B202A31CA007F8AA8 /* SecureBrowser.app */;
			productType = "com.apple.product-type.application";
		};
/* End PBXNativeTarget section */

/* Begin PBXProject section */
		7E579883202A31CA007F8AA8 /* Project object */ = {
			isa = PBXProject;
			attributes = {
				LastSwiftUpdateCheck = 0920;
				LastUpgradeCheck = 0920;
				ORGANIZATIONNAME = "Flying Moose Development";
				TargetAttributes = {
					7E57988A202A31CA007F8AA8 = {
						CreatedOnToolsVersion = 9.2;
						ProvisioningStyle = Automatic;
					};
				};
			};
			buildConfigurationList = 7E579886202A31CA007F8AA8 /* Build configuration list for PBXProject "SecureBrowser" */;
			compatibilityVersion = "Xcode 8.0";
			developmentRegion = en;
			hasScannedForEncodings = 0;
			knownRegions = (
				en,
				Base,
			);
			mainGroup = 7E579882202A31CA007F8AA8;
			productRefGroup = 7E57988C202A31CA007F8AA8 /* Products */;
			projectDirPath = "";
			projectRoot = "";
			targets = (
				7E57988A202A31CA007F8AA8 /* SecureBrowser */,
			);
		};
/* End PBXProject section */

/* Begin PBXResourcesBuildPhase section */
		7E579889202A31CA007F8AA8 /* Resources */ = {
			isa = PBXResourcesBuildPhase;
			buildActionMask = 2147483647;
			files = (
				7E4F25482032168800B7AF09 /* Login.storyboard in Resources */,
				7E579899202A31CA007F8AA8 /* LaunchScreen.storyboard in Resources */,
				7E579896202A31CA007F8AA8 /* Assets.xcassets in Resources */,
				7E579894202A31CA007F8AA8 /* Main.storyboard in Resources */,
			);
			runOnlyForDeploymentPostprocessing = 0;
		};
/* End PBXResourcesBuildPhase section */

/* Begin PBXSourcesBuildPhase section */
		7E579887202A31CA007F8AA8 /* Sources */ = {
			isa = PBXSourcesBuildPhase;
			buildActionMask = 2147483647;
			files = (
				7E71915F20325CD0003254C6 /* NumberKey.swift in Sources */,
				7E57988F202A31CA007F8AA8 /* AppDelegate.swift in Sources */,
				7E4F254F2032266600B7AF09 /* LandingViewController.swift in Sources */,
				7E5798A7202A4A3D007F8AA8 /* BiometricAuthentication.swift in Sources */,
				7E71916120327588003254C6 /* NumberPadView.swift in Sources */,
				7E4F25432031E44200B7AF09 /* BrowserViewController.swift in Sources */,
				7E5798A9202A52F3007F8AA8 /* LoginViewController.swift in Sources */,
				7E5798A5202A49FF007F8AA8 /* KeychainPasswordItem.swift in Sources */,
				7E71915D20325CA6003254C6 /* CALayer.swift in Sources */,
				7E4F255120322E5100B7AF09 /* DotRow.swift in Sources */,
				7E4F254D20321D1700B7AF09 /* Dot.swift in Sources */,
			);
			runOnlyForDeploymentPostprocessing = 0;
		};
/* End PBXSourcesBuildPhase section */

/* Begin PBXVariantGroup section */
		7E579892202A31CA007F8AA8 /* Main.storyboard */ = {
			isa = PBXVariantGroup;
			children = (
				7E579893202A31CA007F8AA8 /* Base */,
			);
			name = Main.storyboard;
			sourceTree = "<group>";
		};
		7E579897202A31CA007F8AA8 /* LaunchScreen.storyboard */ = {
			isa = PBXVariantGroup;
			children = (
				7E579898202A31CA007F8AA8 /* Base */,
			);
			name = LaunchScreen.storyboard;
			sourceTree = "<group>";
		};
/* End PBXVariantGroup section */

/* Begin XCBuildConfiguration section */
		7E57989B202A31CA007F8AA8 /* Debug */ = {
			isa = XCBuildConfiguration;
			buildSettings = {
				ALWAYS_SEARCH_USER_PATHS = NO;
				CLANG_ANALYZER_NONNULL = YES;
				CLANG_ANALYZER_NUMBER_OBJECT_CONVERSION = YES_AGGRESSIVE;
				CLANG_CXX_LANGUAGE_STANDARD = "gnu++14";
				CLANG_CXX_LIBRARY = "libc++";
				CLANG_ENABLE_MODULES = YES;
				CLANG_ENABLE_OBJC_ARC = YES;
				CLANG_WARN_BLOCK_CAPTURE_AUTORELEASING = YES;
				CLANG_WARN_BOOL_CONVERSION = YES;
				CLANG_WARN_COMMA = YES;
				CLANG_WARN_CONSTANT_CONVERSION = YES;
				CLANG_WARN_DIRECT_OBJC_ISA_USAGE = YES_ERROR;
				CLANG_WARN_DOCUMENTATION_COMMENTS = YES;
				CLANG_WARN_EMPTY_BODY = YES;
				CLANG_WARN_ENUM_CONVERSION = YES;
				CLANG_WARN_INFINITE_RECURSION = YES;
				CLANG_WARN_INT_CONVERSION = YES;
				CLANG_WARN_NON_LITERAL_NULL_CONVERSION = YES;
				CLANG_WARN_OBJC_LITERAL_CONVERSION = YES;
				CLANG_WARN_OBJC_ROOT_CLASS = YES_ERROR;
				CLANG_WARN_RANGE_LOOP_ANALYSIS = YES;
				CLANG_WARN_STRICT_PROTOTYPES = YES;
				CLANG_WARN_SUSPICIOUS_MOVE = YES;
				CLANG_WARN_UNGUARDED_AVAILABILITY = YES_AGGRESSIVE;
				CLANG_WARN_UNREACHABLE_CODE = YES;
				CLANG_WARN__DUPLICATE_METHOD_MATCH = YES;
				CODE_SIGN_IDENTITY = "iPhone Developer";
				COPY_PHASE_STRIP = NO;
				DEBUG_INFORMATION_FORMAT = dwarf;
				ENABLE_STRICT_OBJC_MSGSEND = YES;
				ENABLE_TESTABILITY = YES;
				GCC_C_LANGUAGE_STANDARD = gnu11;
				GCC_DYNAMIC_NO_PIC = NO;
				GCC_NO_COMMON_BLOCKS = YES;
				GCC_OPTIMIZATION_LEVEL = 0;
				GCC_PREPROCESSOR_DEFINITIONS = (
					"DEBUG=1",
					"$(inherited)",
				);
				GCC_WARN_64_TO_32_BIT_CONVERSION = YES;
				GCC_WARN_ABOUT_RETURN_TYPE = YES_ERROR;
				GCC_WARN_UNDECLARED_SELECTOR = YES;
				GCC_WARN_UNINITIALIZED_AUTOS = YES_AGGRESSIVE;
				GCC_WARN_UNUSED_FUNCTION = YES;
				GCC_WARN_UNUSED_VARIABLE = YES;
				IPHONEOS_DEPLOYMENT_TARGET = 11.2;
				MTL_ENABLE_DEBUG_INFO = YES;
				ONLY_ACTIVE_ARCH = YES;
				SDKROOT = iphoneos;
				SWIFT_ACTIVE_COMPILATION_CONDITIONS = DEBUG;
				SWIFT_OPTIMIZATION_LEVEL = "-Onone";
			};
			name = Debug;
		};
		7E57989C202A31CA007F8AA8 /* Release */ = {
			isa = XCBuildConfiguration;
			buildSettings = {
				ALWAYS_SEARCH_USER_PATHS = NO;
				CLANG_ANALYZER_NONNULL = YES;
				CLANG_ANALYZER_NUMBER_OBJECT_CONVERSION = YES_AGGRESSIVE;
				CLANG_CXX_LANGUAGE_STANDARD = "gnu++14";
				CLANG_CXX_LIBRARY = "libc++";
				CLANG_ENABLE_MODULES = YES;
				CLANG_ENABLE_OBJC_ARC = YES;
				CLANG_WARN_BLOCK_CAPTURE_AUTORELEASING = YES;
				CLANG_WARN_BOOL_CONVERSION = YES;
				CLANG_WARN_COMMA = YES;
				CLANG_WARN_CONSTANT_CONVERSION = YES;
				CLANG_WARN_DIRECT_OBJC_ISA_USAGE = YES_ERROR;
				CLANG_WARN_DOCUMENTATION_COMMENTS = YES;
				CLANG_WARN_EMPTY_BODY = YES;
				CLANG_WARN_ENUM_CONVERSION = YES;
				CLANG_WARN_INFINITE_RECURSION = YES;
				CLANG_WARN_INT_CONVERSION = YES;
				CLANG_WARN_NON_LITERAL_NULL_CONVERSION = YES;
				CLANG_WARN_OBJC_LITERAL_CONVERSION = YES;
				CLANG_WARN_OBJC_ROOT_CLASS = YES_ERROR;
				CLANG_WARN_RANGE_LOOP_ANALYSIS = YES;
				CLANG_WARN_STRICT_PROTOTYPES = YES;
				CLANG_WARN_SUSPICIOUS_MOVE = YES;
				CLANG_WARN_UNGUARDED_AVAILABILITY = YES_AGGRESSIVE;
				CLANG_WARN_UNREACHABLE_CODE = YES;
				CLANG_WARN__DUPLICATE_METHOD_MATCH = YES;
				CODE_SIGN_IDENTITY = "iPhone Developer";
				COPY_PHASE_STRIP = NO;
				DEBUG_INFORMATION_FORMAT = "dwarf-with-dsym";
				ENABLE_NS_ASSERTIONS = NO;
				ENABLE_STRICT_OBJC_MSGSEND = YES;
				GCC_C_LANGUAGE_STANDARD = gnu11;
				GCC_NO_COMMON_BLOCKS = YES;
				GCC_WARN_64_TO_32_BIT_CONVERSION = YES;
				GCC_WARN_ABOUT_RETURN_TYPE = YES_ERROR;
				GCC_WARN_UNDECLARED_SELECTOR = YES;
				GCC_WARN_UNINITIALIZED_AUTOS = YES_AGGRESSIVE;
				GCC_WARN_UNUSED_FUNCTION = YES;
				GCC_WARN_UNUSED_VARIABLE = YES;
				IPHONEOS_DEPLOYMENT_TARGET = 11.2;
				MTL_ENABLE_DEBUG_INFO = NO;
				SDKROOT = iphoneos;
				SWIFT_OPTIMIZATION_LEVEL = "-Owholemodule";
				VALIDATE_PRODUCT = YES;
			};
			name = Release;
		};
		7E57989E202A31CA007F8AA8 /* Debug */ = {
			isa = XCBuildConfiguration;
			buildSettings = {
				ASSETCATALOG_COMPILER_APPICON_NAME = AppIcon;
				CODE_SIGN_STYLE = Automatic;
				DEVELOPMENT_TEAM = 3XGW4QF3D8;
				INFOPLIST_FILE = SecureBrowser/Info.plist;
				LD_RUNPATH_SEARCH_PATHS = "$(inherited) @executable_path/Frameworks";
				PRODUCT_BUNDLE_IDENTIFIER = co.flyingmoose.SecureBrowser;
				PRODUCT_NAME = "$(TARGET_NAME)";
				SWIFT_VERSION = 4.0;
				TARGETED_DEVICE_FAMILY = "1,2";
			};
			name = Debug;
		};
		7E57989F202A31CA007F8AA8 /* Release */ = {
			isa = XCBuildConfiguration;
			buildSettings = {
				ASSETCATALOG_COMPILER_APPICON_NAME = AppIcon;
				CODE_SIGN_STYLE = Automatic;
				DEVELOPMENT_TEAM = 3XGW4QF3D8;
				INFOPLIST_FILE = SecureBrowser/Info.plist;
				LD_RUNPATH_SEARCH_PATHS = "$(inherited) @executable_path/Frameworks";
				PRODUCT_BUNDLE_IDENTIFIER = co.flyingmoose.SecureBrowser;
				PRODUCT_NAME = "$(TARGET_NAME)";
				SWIFT_VERSION = 4.0;
				TARGETED_DEVICE_FAMILY = "1,2";
			};
			name = Release;
		};
/* End XCBuildConfiguration section */

/* Begin XCConfigurationList section */
		7E579886202A31CA007F8AA8 /* Build configuration list for PBXProject "SecureBrowser" */ = {
			isa = XCConfigurationList;
			buildConfigurations = (
				7E57989B202A31CA007F8AA8 /* Debug */,
				7E57989C202A31CA007F8AA8 /* Release */,
			);
			defaultConfigurationIsVisible = 0;
			defaultConfigurationName = Release;
		};
		7E57989D202A31CA007F8AA8 /* Build configuration list for PBXNativeTarget "SecureBrowser" */ = {
			isa = XCConfigurationList;
			buildConfigurations = (
				7E57989E202A31CA007F8AA8 /* Debug */,
				7E57989F202A31CA007F8AA8 /* Release */,
			);
			defaultConfigurationIsVisible = 0;
			defaultConfigurationName = Release;
		};
/* End XCConfigurationList section */
	};
	rootObject = 7E579883202A31CA007F8AA8 /* Project object */;
}
